
Microsoft Visual Studio Solution File, Format Version 12.00
# Visual Studio Version 17
VisualStudioVersion = 17.14.36414.22 d17.14
MinimumVisualStudioVersion = 10.0.40219.1
Project("{FAE04EC0-301F-11D3-BF4B-00C04F79EFBC}") = "WpfAppCasa3D", "WpfAppCasa3D\WpfAppCasa3D.csproj", "{06DB168D-60F2-469E-A562-E2A83888B1B2}"
EndProject
Global
	GlobalSection(SolutionConfigurationPlatforms) = preSolution
		Debug|Any CPU = Debug|Any CPU
		Release|Any CPU = Release|Any CPU
	EndGlobalSection
	GlobalSection(ProjectConfigurationPlatforms) = postSolution
		{06DB168D-60F2-469E-A562-E2A83888B1B2}.Debug|Any CPU.ActiveCfg = Debug|Any CPU
		{06DB168D-60F2-469E-A562-E2A83888B1B2}.Debug|Any CPU.Build.0 = Debug|Any CPU
		{06DB168D-60F2-469E-A562-E2A83888B1B2}.Release|Any CPU.ActiveCfg = Release|Any CPU
		{06DB168D-60F2-469E-A562-E2A83888B1B2}.Release|Any CPU.Build.0 = Release|Any CPU
	EndGlobalSection
	GlobalSection(SolutionProperties) = preSolution
		HideSolutionNode = FALSE
	EndGlobalSection
	GlobalSection(ExtensibilityGlobals) = postSolution
		SolutionGuid = {DD99ABEF-5824-4406-8181-606FB72C99A0}
	EndGlobalSection
EndGlobal
